# This file was autogenerated by Stack.
# You should not edit this file by hand.
# For more information, please see the documentation at:
#   https://docs.haskellstack.org/en/stable/topics/lock_files

packages:
- completed:
    hackage: Cabal-3.12.1.0@sha256:08be296ddd941b3f9be4bd125fbb3e6857f5c707b8d10464f6f1d30c91ca3e5f,13551
    pantry-tree:
      sha256: a509c8164a9682e2cbd080ef8446164fbe11a9c5c0f88b61f41094a8167e6a04
      size: 11798
  original:
    hackage: Cabal-3.12.1.0
- completed:
    hackage: Cabal-syntax-3.12.1.0@sha256:6dbb06fb08ff77520947fb4c1ef281c9cea5b8dc7fd9a41ad62273fa916cf4b2,7407
    pantry-tree:
      sha256: 62e4b1bbdf7fe7d5259f45811e6fd0131823a10a8ec8c5eaf25370d444ac263a
      size: 11051
  original:
    hackage: Cabal-syntax-3.12.1.0
- completed:
    hackage: parsec-3.1.18.0@sha256:dfbb9835b8abc966b6bbd34340ef5122227b4cf4480062b85ca4c4704f054f98,4535
    pantry-tree:
      sha256: 48ae1440eb8eb4fecde2a724c492e830ff2bec341117164302399b417733bf70
      size: 2810
  original:
    hackage: parsec-3.1.18.0
- completed:
    hackage: text-2.1.1@sha256:94352aa4f11a1a1ec075e7c3673e9b57099bf88208f68d81d33615b605f2bdba,10653
    pantry-tree:
      sha256: 4ac0285440c454cb889165f6c49de9d894fd14dc7750a1e34216b87871f2316b
      size: 8413
  original:
    hackage: text-2.1.1
snapshots:
- completed:
    sha256: 238fa745b64f91184f9aa518fe04bdde6552533d169b0da5256670df83a0f1a9
    size: 721141
    url: https://raw.githubusercontent.com/commercialhaskell/stackage-snapshots/master/lts/22/44.yaml
  original: lts-22.44
